
Microsoft Visual Studio Solution File, Format Version 12.00
# Visual Studio Version 17
VisualStudioVersion = 17.7.34031.279
MinimumVisualStudioVersion = 10.0.40219.1
Project("{8BC9CEB8-8B4A-11D0-8D11-00A0C91BC942}") = "phanSo", "phanSo.vcxproj", "{EE83FE30-A91D-418A-87E3-037CA1177DA9}"
EndProject
Global
	GlobalSection(SolutionConfigurationPlatforms) = preSolution
		Debug|x64 = Debug|x64
		Debug|x86 = Debug|x86
		Release|x64 = Release|x64
		Release|x86 = Release|x86
	EndGlobalSection
	GlobalSection(ProjectConfigurationPlatforms) = postSolution
		{EE83FE30-A91D-418A-87E3-037CA1177DA9}.Debug|x64.ActiveCfg = Debug|x64
		{EE83FE30-A91D-418A-87E3-037CA1177DA9}.Debug|x64.Build.0 = Debug|x64
		{EE83FE30-A91D-418A-87E3-037CA1177DA9}.Debug|x86.ActiveCfg = Debug|Win32
		{EE83FE30-A91D-418A-87E3-037CA1177DA9}.Debug|x86.Build.0 = Debug|Win32
		{EE83FE30-A91D-418A-87E3-037CA1177DA9}.Release|x64.ActiveCfg = Release|x64
		{EE83FE30-A91D-418A-87E3-037CA1177DA9}.Release|x64.Build.0 = Release|x64
		{EE83FE30-A91D-418A-87E3-037CA1177DA9}.Release|x86.ActiveCfg = Release|Win32
		{EE83FE30-A91D-418A-87E3-037CA1177DA9}.Release|x86.Build.0 = Release|Win32
	EndGlobalSection
	GlobalSection(SolutionProperties) = preSolution
		HideSolutionNode = FALSE
	EndGlobalSection
	GlobalSection(ExtensibilityGlobals) = postSolution
		SolutionGuid = {AB4E1D33-2C42-4CCD-B2A6-AE30CB8F5BC7}
	EndGlobalSection
EndGlobal
