
Microsoft Visual Studio Solution File, Format Version 12.00
# Visual Studio Version 17
VisualStudioVersion = 17.7.34031.279
MinimumVisualStudioVersion = 10.0.40219.1
Project("{8BC9CEB8-8B4A-11D0-8D11-00A0C91BC942}") = "Observer_Pattern", "Observer_Pattern.vcxproj", "{93C57E75-5D97-4861-BAA6-FAE3EF74F908}"
EndProject
Global
	GlobalSection(SolutionConfigurationPlatforms) = preSolution
		Debug|x64 = Debug|x64
		Debug|x86 = Debug|x86
		Release|x64 = Release|x64
		Release|x86 = Release|x86
	EndGlobalSection
	GlobalSection(ProjectConfigurationPlatforms) = postSolution
		{93C57E75-5D97-4861-BAA6-FAE3EF74F908}.Debug|x64.ActiveCfg = Debug|x64
		{93C57E75-5D97-4861-BAA6-FAE3EF74F908}.Debug|x64.Build.0 = Debug|x64
		{93C57E75-5D97-4861-BAA6-FAE3EF74F908}.Debug|x86.ActiveCfg = Debug|Win32
		{93C57E75-5D97-4861-BAA6-FAE3EF74F908}.Debug|x86.Build.0 = Debug|Win32
		{93C57E75-5D97-4861-BAA6-FAE3EF74F908}.Release|x64.ActiveCfg = Release|x64
		{93C57E75-5D97-4861-BAA6-FAE3EF74F908}.Release|x64.Build.0 = Release|x64
		{93C57E75-5D97-4861-BAA6-FAE3EF74F908}.Release|x86.ActiveCfg = Release|Win32
		{93C57E75-5D97-4861-BAA6-FAE3EF74F908}.Release|x86.Build.0 = Release|Win32
	EndGlobalSection
	GlobalSection(SolutionProperties) = preSolution
		HideSolutionNode = FALSE
	EndGlobalSection
	GlobalSection(ExtensibilityGlobals) = postSolution
		SolutionGuid = {EC2AF937-C724-401B-B124-DAD82DF456C8}
	EndGlobalSection
EndGlobal
