
Microsoft Visual Studio Solution File, Format Version 12.00
# Visual Studio Version 17
VisualStudioVersion = 17.7.34031.279
MinimumVisualStudioVersion = 10.0.40219.1
Project("{8BC9CEB8-8B4A-11D0-8D11-00A0C91BC942}") = "queue", "queue.vcxproj", "{643DCF7E-7637-412D-AE66-E4A04DA3DCBB}"
EndProject
Global
	GlobalSection(SolutionConfigurationPlatforms) = preSolution
		Debug|x64 = Debug|x64
		Debug|x86 = Debug|x86
		Release|x64 = Release|x64
		Release|x86 = Release|x86
	EndGlobalSection
	GlobalSection(ProjectConfigurationPlatforms) = postSolution
		{643DCF7E-7637-412D-AE66-E4A04DA3DCBB}.Debug|x64.ActiveCfg = Debug|x64
		{643DCF7E-7637-412D-AE66-E4A04DA3DCBB}.Debug|x64.Build.0 = Debug|x64
		{643DCF7E-7637-412D-AE66-E4A04DA3DCBB}.Debug|x86.ActiveCfg = Debug|Win32
		{643DCF7E-7637-412D-AE66-E4A04DA3DCBB}.Debug|x86.Build.0 = Debug|Win32
		{643DCF7E-7637-412D-AE66-E4A04DA3DCBB}.Release|x64.ActiveCfg = Release|x64
		{643DCF7E-7637-412D-AE66-E4A04DA3DCBB}.Release|x64.Build.0 = Release|x64
		{643DCF7E-7637-412D-AE66-E4A04DA3DCBB}.Release|x86.ActiveCfg = Release|Win32
		{643DCF7E-7637-412D-AE66-E4A04DA3DCBB}.Release|x86.Build.0 = Release|Win32
	EndGlobalSection
	GlobalSection(SolutionProperties) = preSolution
		HideSolutionNode = FALSE
	EndGlobalSection
	GlobalSection(ExtensibilityGlobals) = postSolution
		SolutionGuid = {FF23B243-E011-433E-89B9-8AA33719B57E}
	EndGlobalSection
EndGlobal
